
Microsoft Visual Studio Solution File, Format Version 12.00
# Visual Studio Version 16
VisualStudioVersion = 16.0.31515.178
MinimumVisualStudioVersion = 10.0.40219.1
Project("{FAE04EC0-301F-11D3-BF4B-00C04F79EFBC}") = "Crud cliente", "Crud cliente\Crud cliente.csproj", "{9635F17E-B5F1-400F-89DC-796700A3977A}"
EndProject
Global
	GlobalSection(SolutionConfigurationPlatforms) = preSolution
		Debug|Any CPU = Debug|Any CPU
		Release|Any CPU = Release|Any CPU
	EndGlobalSection
	GlobalSection(ProjectConfigurationPlatforms) = postSolution
		{9635F17E-B5F1-400F-89DC-796700A3977A}.Debug|Any CPU.ActiveCfg = Debug|Any CPU
		{9635F17E-B5F1-400F-89DC-796700A3977A}.Debug|Any CPU.Build.0 = Debug|Any CPU
		{9635F17E-B5F1-400F-89DC-796700A3977A}.Release|Any CPU.ActiveCfg = Release|Any CPU
		{9635F17E-B5F1-400F-89DC-796700A3977A}.Release|Any CPU.Build.0 = Release|Any CPU
	EndGlobalSection
	GlobalSection(SolutionProperties) = preSolution
		HideSolutionNode = FALSE
	EndGlobalSection
	GlobalSection(ExtensibilityGlobals) = postSolution
		SolutionGuid = {FCF7E64F-CCFA-4234-8B93-80391D319C7F}
	EndGlobalSection
EndGlobal
